
Microsoft Visual Studio Solution File, Format Version 12.00
# Visual Studio Version 17
VisualStudioVersion = 17.8.34511.84
MinimumVisualStudioVersion = 10.0.40219.1
Project("{8BC9CEB8-8B4A-11D0-8D11-00A0C91BC942}") = "SlimGraphicsApplication", "SlimGraphicsApplication.vcxproj", "{C82B91C3-D630-4759-8635-6407717EDFC1}"
EndProject
Project("{8BC9CEB8-8B4A-11D0-8D11-00A0C91BC942}") = "SlimGraphicsShared", "..\SlimGraphicsShared\SlimGraphicsShared.vcxproj", "{E34F8C1F-73F9-436C-98B8-FE787311530A}"
EndProject
Project("{8BC9CEB8-8B4A-11D0-8D11-00A0C91BC942}") = "SlimGraphicsD3D12", "..\SlimGraphicsD3D12\SlimGraphicsD3D12.vcxproj", "{20CC531C-1EA3-4717-ABA7-AA30133F1318}"
EndProject
Project("{8BC9CEB8-8B4A-11D0-8D11-00A0C91BC942}") = "SlimEngine", "..\SlimEngine\SlimEngine.vcxproj", "{05D96440-DBF7-4E40-911A-982148D0F2D4}"
EndProject
Project("{8BC9CEB8-8B4A-11D0-8D11-00A0C91BC942}") = "ImGui", "..\ImGui\ImGui.vcxproj", "{F9D9BD80-2278-421C-ABDA-BFA4E5F3F81A}"
EndProject
Project("{8BC9CEB8-8B4A-11D0-8D11-00A0C91BC942}") = "D3D12MA", "..\D3D12MA\D3D12MA.vcxproj", "{6AD98149-CDBD-4B3C-B1D6-DDB12D5BC54B}"
EndProject
Project("{8BC9CEB8-8B4A-11D0-8D11-00A0C91BC942}") = "SlimGraphicsVulkan", "..\SlimGraphicsVulkan\SlimGraphicsVulkan.vcxproj", "{A80B0CB8-1BBD-4ADC-B9A1-4AF062687478}"
EndProject
Project("{FAE04EC0-301F-11D3-BF4B-00C04F79EFBC}") = "SlimShaderCompiler", "..\SlimShaderCompiler\SlimShaderCompiler.csproj", "{3CDB26CC-05EF-4AD7-BF1A-4DDEEB2549EB}"
EndProject
Global
	GlobalSection(SolutionConfigurationPlatforms) = preSolution
		D3D12_Debug|Any CPU = D3D12_Debug|Any CPU
		D3D12_Debug|x64 = D3D12_Debug|x64
		D3D12_Release|Any CPU = D3D12_Release|Any CPU
		D3D12_Release|x64 = D3D12_Release|x64
		Debug|Any CPU = Debug|Any CPU
		Debug|x64 = Debug|x64
		Release|Any CPU = Release|Any CPU
		Release|x64 = Release|x64
		Vulkan_Debug|Any CPU = Vulkan_Debug|Any CPU
		Vulkan_Debug|x64 = Vulkan_Debug|x64
		Vulkan_Release|Any CPU = Vulkan_Release|Any CPU
		Vulkan_Release|x64 = Vulkan_Release|x64
	EndGlobalSection
	GlobalSection(ProjectConfigurationPlatforms) = postSolution
		{C82B91C3-D630-4759-8635-6407717EDFC1}.D3D12_Debug|Any CPU.ActiveCfg = D3D12_Debug|x64
		{C82B91C3-D630-4759-8635-6407717EDFC1}.D3D12_Debug|Any CPU.Build.0 = D3D12_Debug|x64
		{C82B91C3-D630-4759-8635-6407717EDFC1}.D3D12_Debug|x64.ActiveCfg = D3D12_Debug|x64
		{C82B91C3-D630-4759-8635-6407717EDFC1}.D3D12_Debug|x64.Build.0 = D3D12_Debug|x64
		{C82B91C3-D630-4759-8635-6407717EDFC1}.D3D12_Release|Any CPU.ActiveCfg = D3D12_Release|x64
		{C82B91C3-D630-4759-8635-6407717EDFC1}.D3D12_Release|Any CPU.Build.0 = D3D12_Release|x64
		{C82B91C3-D630-4759-8635-6407717EDFC1}.D3D12_Release|x64.ActiveCfg = D3D12_Release|x64
		{C82B91C3-D630-4759-8635-6407717EDFC1}.D3D12_Release|x64.Build.0 = D3D12_Release|x64
		{C82B91C3-D630-4759-8635-6407717EDFC1}.Debug|Any CPU.ActiveCfg = Vulkan_Debug|x64
		{C82B91C3-D630-4759-8635-6407717EDFC1}.Debug|x64.ActiveCfg = Vulkan_Debug|x64
		{C82B91C3-D630-4759-8635-6407717EDFC1}.Release|Any CPU.ActiveCfg = Vulkan_Release|x64
		{C82B91C3-D630-4759-8635-6407717EDFC1}.Release|x64.ActiveCfg = Vulkan_Release|x64
		{C82B91C3-D630-4759-8635-6407717EDFC1}.Vulkan_Debug|Any CPU.ActiveCfg = Vulkan_Debug|x64
		{C82B91C3-D630-4759-8635-6407717EDFC1}.Vulkan_Debug|Any CPU.Build.0 = Vulkan_Debug|x64
		{C82B91C3-D630-4759-8635-6407717EDFC1}.Vulkan_Debug|x64.ActiveCfg = Vulkan_Debug|x64
		{C82B91C3-D630-4759-8635-6407717EDFC1}.Vulkan_Debug|x64.Build.0 = Vulkan_Debug|x64
		{C82B91C3-D630-4759-8635-6407717EDFC1}.Vulkan_Release|Any CPU.ActiveCfg = Vulkan_Release|x64
		{C82B91C3-D630-4759-8635-6407717EDFC1}.Vulkan_Release|Any CPU.Build.0 = Vulkan_Release|x64
		{C82B91C3-D630-4759-8635-6407717EDFC1}.Vulkan_Release|x64.ActiveCfg = Vulkan_Release|x64
		{C82B91C3-D630-4759-8635-6407717EDFC1}.Vulkan_Release|x64.Build.0 = Vulkan_Release|x64
		{E34F8C1F-73F9-436C-98B8-FE787311530A}.D3D12_Debug|Any CPU.ActiveCfg = D3D12_Debug|x64
		{E34F8C1F-73F9-436C-98B8-FE787311530A}.D3D12_Debug|Any CPU.Build.0 = D3D12_Debug|x64
		{E34F8C1F-73F9-436C-98B8-FE787311530A}.D3D12_Debug|x64.ActiveCfg = D3D12_Debug|x64
		{E34F8C1F-73F9-436C-98B8-FE787311530A}.D3D12_Debug|x64.Build.0 = D3D12_Debug|x64
		{E34F8C1F-73F9-436C-98B8-FE787311530A}.D3D12_Release|Any CPU.ActiveCfg = D3D12_Release|x64
		{E34F8C1F-73F9-436C-98B8-FE787311530A}.D3D12_Release|Any CPU.Build.0 = D3D12_Release|x64
		{E34F8C1F-73F9-436C-98B8-FE787311530A}.D3D12_Release|x64.ActiveCfg = D3D12_Release|x64
		{E34F8C1F-73F9-436C-98B8-FE787311530A}.D3D12_Release|x64.Build.0 = D3D12_Release|x64
		{E34F8C1F-73F9-436C-98B8-FE787311530A}.Debug|Any CPU.ActiveCfg = Vulkan_Debug|x64
		{E34F8C1F-73F9-436C-98B8-FE787311530A}.Debug|x64.ActiveCfg = Vulkan_Debug|x64
		{E34F8C1F-73F9-436C-98B8-FE787311530A}.Release|Any CPU.ActiveCfg = Vulkan_Release|x64
		{E34F8C1F-73F9-436C-98B8-FE787311530A}.Release|x64.ActiveCfg = Vulkan_Release|x64
		{E34F8C1F-73F9-436C-98B8-FE787311530A}.Vulkan_Debug|Any CPU.ActiveCfg = Vulkan_Debug|x64
		{E34F8C1F-73F9-436C-98B8-FE787311530A}.Vulkan_Debug|Any CPU.Build.0 = Vulkan_Debug|x64
		{E34F8C1F-73F9-436C-98B8-FE787311530A}.Vulkan_Debug|x64.ActiveCfg = Vulkan_Debug|x64
		{E34F8C1F-73F9-436C-98B8-FE787311530A}.Vulkan_Debug|x64.Build.0 = Vulkan_Debug|x64
		{E34F8C1F-73F9-436C-98B8-FE787311530A}.Vulkan_Release|Any CPU.ActiveCfg = Vulkan_Release|x64
		{E34F8C1F-73F9-436C-98B8-FE787311530A}.Vulkan_Release|Any CPU.Build.0 = Vulkan_Release|x64
		{E34F8C1F-73F9-436C-98B8-FE787311530A}.Vulkan_Release|x64.ActiveCfg = Vulkan_Release|x64
		{E34F8C1F-73F9-436C-98B8-FE787311530A}.Vulkan_Release|x64.Build.0 = Vulkan_Release|x64
		{20CC531C-1EA3-4717-ABA7-AA30133F1318}.D3D12_Debug|Any CPU.ActiveCfg = D3D12_Debug|x64
		{20CC531C-1EA3-4717-ABA7-AA30133F1318}.D3D12_Debug|Any CPU.Build.0 = D3D12_Debug|x64
		{20CC531C-1EA3-4717-ABA7-AA30133F1318}.D3D12_Debug|x64.ActiveCfg = D3D12_Debug|x64
		{20CC531C-1EA3-4717-ABA7-AA30133F1318}.D3D12_Debug|x64.Build.0 = D3D12_Debug|x64
		{20CC531C-1EA3-4717-ABA7-AA30133F1318}.D3D12_Release|Any CPU.ActiveCfg = D3D12_Release|x64
		{20CC531C-1EA3-4717-ABA7-AA30133F1318}.D3D12_Release|Any CPU.Build.0 = D3D12_Release|x64
		{20CC531C-1EA3-4717-ABA7-AA30133F1318}.D3D12_Release|x64.ActiveCfg = D3D12_Release|x64
		{20CC531C-1EA3-4717-ABA7-AA30133F1318}.D3D12_Release|x64.Build.0 = D3D12_Release|x64
		{20CC531C-1EA3-4717-ABA7-AA30133F1318}.Debug|Any CPU.ActiveCfg = D3D12_Release|x64
		{20CC531C-1EA3-4717-ABA7-AA30133F1318}.Debug|x64.ActiveCfg = D3D12_Release|x64
		{20CC531C-1EA3-4717-ABA7-AA30133F1318}.Release|Any CPU.ActiveCfg = D3D12_Release|x64
		{20CC531C-1EA3-4717-ABA7-AA30133F1318}.Release|x64.ActiveCfg = D3D12_Release|x64
		{20CC531C-1EA3-4717-ABA7-AA30133F1318}.Vulkan_Debug|Any CPU.ActiveCfg = D3D12_Release|x64
		{20CC531C-1EA3-4717-ABA7-AA30133F1318}.Vulkan_Debug|Any CPU.Build.0 = D3D12_Release|x64
		{20CC531C-1EA3-4717-ABA7-AA30133F1318}.Vulkan_Debug|x64.ActiveCfg = D3D12_Debug|x64
		{20CC531C-1EA3-4717-ABA7-AA30133F1318}.Vulkan_Release|Any CPU.ActiveCfg = D3D12_Release|x64
		{20CC531C-1EA3-4717-ABA7-AA30133F1318}.Vulkan_Release|Any CPU.Build.0 = D3D12_Release|x64
		{20CC531C-1EA3-4717-ABA7-AA30133F1318}.Vulkan_Release|x64.ActiveCfg = D3D12_Release|x64
		{05D96440-DBF7-4E40-911A-982148D0F2D4}.D3D12_Debug|Any CPU.ActiveCfg = D3D12_Debug|x64
		{05D96440-DBF7-4E40-911A-982148D0F2D4}.D3D12_Debug|Any CPU.Build.0 = D3D12_Debug|x64
		{05D96440-DBF7-4E40-911A-982148D0F2D4}.D3D12_Debug|x64.ActiveCfg = D3D12_Debug|x64
		{05D96440-DBF7-4E40-911A-982148D0F2D4}.D3D12_Debug|x64.Build.0 = D3D12_Debug|x64
		{05D96440-DBF7-4E40-911A-982148D0F2D4}.D3D12_Release|Any CPU.ActiveCfg = D3D12_Release|x64
		{05D96440-DBF7-4E40-911A-982148D0F2D4}.D3D12_Release|Any CPU.Build.0 = D3D12_Release|x64
		{05D96440-DBF7-4E40-911A-982148D0F2D4}.D3D12_Release|x64.ActiveCfg = D3D12_Release|x64
		{05D96440-DBF7-4E40-911A-982148D0F2D4}.D3D12_Release|x64.Build.0 = D3D12_Release|x64
		{05D96440-DBF7-4E40-911A-982148D0F2D4}.Debug|Any CPU.ActiveCfg = Vulkan_Debug|x64
		{05D96440-DBF7-4E40-911A-982148D0F2D4}.Debug|x64.ActiveCfg = Vulkan_Debug|x64
		{05D96440-DBF7-4E40-911A-982148D0F2D4}.Release|Any CPU.ActiveCfg = Vulkan_Release|x64
		{05D96440-DBF7-4E40-911A-982148D0F2D4}.Release|x64.ActiveCfg = Vulkan_Release|x64
		{05D96440-DBF7-4E40-911A-982148D0F2D4}.Vulkan_Debug|Any CPU.ActiveCfg = Vulkan_Debug|x64
		{05D96440-DBF7-4E40-911A-982148D0F2D4}.Vulkan_Debug|Any CPU.Build.0 = Vulkan_Debug|x64
		{05D96440-DBF7-4E40-911A-982148D0F2D4}.Vulkan_Debug|x64.ActiveCfg = Vulkan_Debug|x64
		{05D96440-DBF7-4E40-911A-982148D0F2D4}.Vulkan_Debug|x64.Build.0 = Vulkan_Debug|x64
		{05D96440-DBF7-4E40-911A-982148D0F2D4}.Vulkan_Release|Any CPU.ActiveCfg = Vulkan_Release|x64
		{05D96440-DBF7-4E40-911A-982148D0F2D4}.Vulkan_Release|Any CPU.Build.0 = Vulkan_Release|x64
		{05D96440-DBF7-4E40-911A-982148D0F2D4}.Vulkan_Release|x64.ActiveCfg = Vulkan_Release|x64
		{05D96440-DBF7-4E40-911A-982148D0F2D4}.Vulkan_Release|x64.Build.0 = Vulkan_Release|x64
		{F9D9BD80-2278-421C-ABDA-BFA4E5F3F81A}.D3D12_Debug|Any CPU.ActiveCfg = D3D12_Debug|x64
		{F9D9BD80-2278-421C-ABDA-BFA4E5F3F81A}.D3D12_Debug|Any CPU.Build.0 = D3D12_Debug|x64
		{F9D9BD80-2278-421C-ABDA-BFA4E5F3F81A}.D3D12_Debug|x64.ActiveCfg = D3D12_Debug|x64
		{F9D9BD80-2278-421C-ABDA-BFA4E5F3F81A}.D3D12_Debug|x64.Build.0 = D3D12_Debug|x64
		{F9D9BD80-2278-421C-ABDA-BFA4E5F3F81A}.D3D12_Release|Any CPU.ActiveCfg = D3D12_Release|x64
		{F9D9BD80-2278-421C-ABDA-BFA4E5F3F81A}.D3D12_Release|Any CPU.Build.0 = D3D12_Release|x64
		{F9D9BD80-2278-421C-ABDA-BFA4E5F3F81A}.D3D12_Release|x64.ActiveCfg = D3D12_Release|x64
		{F9D9BD80-2278-421C-ABDA-BFA4E5F3F81A}.D3D12_Release|x64.Build.0 = D3D12_Release|x64
		{F9D9BD80-2278-421C-ABDA-BFA4E5F3F81A}.Debug|Any CPU.ActiveCfg = Vulkan_Debug|x64
		{F9D9BD80-2278-421C-ABDA-BFA4E5F3F81A}.Debug|x64.ActiveCfg = Vulkan_Debug|x64
		{F9D9BD80-2278-421C-ABDA-BFA4E5F3F81A}.Release|Any CPU.ActiveCfg = Vulkan_Release|x64
		{F9D9BD80-2278-421C-ABDA-BFA4E5F3F81A}.Release|x64.ActiveCfg = Vulkan_Release|x64
		{F9D9BD80-2278-421C-ABDA-BFA4E5F3F81A}.Vulkan_Debug|Any CPU.ActiveCfg = Vulkan_Debug|x64
		{F9D9BD80-2278-421C-ABDA-BFA4E5F3F81A}.Vulkan_Debug|Any CPU.Build.0 = Vulkan_Debug|x64
		{F9D9BD80-2278-421C-ABDA-BFA4E5F3F81A}.Vulkan_Debug|x64.ActiveCfg = Vulkan_Debug|x64
		{F9D9BD80-2278-421C-ABDA-BFA4E5F3F81A}.Vulkan_Debug|x64.Build.0 = Vulkan_Debug|x64
		{F9D9BD80-2278-421C-ABDA-BFA4E5F3F81A}.Vulkan_Release|Any CPU.ActiveCfg = Vulkan_Release|x64
		{F9D9BD80-2278-421C-ABDA-BFA4E5F3F81A}.Vulkan_Release|Any CPU.Build.0 = Vulkan_Release|x64
		{F9D9BD80-2278-421C-ABDA-BFA4E5F3F81A}.Vulkan_Release|x64.ActiveCfg = Vulkan_Release|x64
		{F9D9BD80-2278-421C-ABDA-BFA4E5F3F81A}.Vulkan_Release|x64.Build.0 = Vulkan_Release|x64
		{6AD98149-CDBD-4B3C-B1D6-DDB12D5BC54B}.D3D12_Debug|Any CPU.ActiveCfg = D3D12_Debug|x64
		{6AD98149-CDBD-4B3C-B1D6-DDB12D5BC54B}.D3D12_Debug|Any CPU.Build.0 = D3D12_Debug|x64
		{6AD98149-CDBD-4B3C-B1D6-DDB12D5BC54B}.D3D12_Debug|x64.ActiveCfg = D3D12_Debug|x64
		{6AD98149-CDBD-4B3C-B1D6-DDB12D5BC54B}.D3D12_Debug|x64.Build.0 = D3D12_Debug|x64
		{6AD98149-CDBD-4B3C-B1D6-DDB12D5BC54B}.D3D12_Release|Any CPU.ActiveCfg = D3D12_Release|x64
		{6AD98149-CDBD-4B3C-B1D6-DDB12D5BC54B}.D3D12_Release|Any CPU.Build.0 = D3D12_Release|x64
		{6AD98149-CDBD-4B3C-B1D6-DDB12D5BC54B}.D3D12_Release|x64.ActiveCfg = D3D12_Release|x64
		{6AD98149-CDBD-4B3C-B1D6-DDB12D5BC54B}.D3D12_Release|x64.Build.0 = D3D12_Release|x64
		{6AD98149-CDBD-4B3C-B1D6-DDB12D5BC54B}.Debug|Any CPU.ActiveCfg = Vulkan_Debug|x64
		{6AD98149-CDBD-4B3C-B1D6-DDB12D5BC54B}.Debug|x64.ActiveCfg = Vulkan_Debug|x64
		{6AD98149-CDBD-4B3C-B1D6-DDB12D5BC54B}.Release|Any CPU.ActiveCfg = Vulkan_Release|x64
		{6AD98149-CDBD-4B3C-B1D6-DDB12D5BC54B}.Release|x64.ActiveCfg = Vulkan_Release|x64
		{6AD98149-CDBD-4B3C-B1D6-DDB12D5BC54B}.Vulkan_Debug|Any CPU.ActiveCfg = Vulkan_Debug|x64
		{6AD98149-CDBD-4B3C-B1D6-DDB12D5BC54B}.Vulkan_Debug|Any CPU.Build.0 = Vulkan_Debug|x64
		{6AD98149-CDBD-4B3C-B1D6-DDB12D5BC54B}.Vulkan_Debug|x64.ActiveCfg = Vulkan_Debug|x64
		{6AD98149-CDBD-4B3C-B1D6-DDB12D5BC54B}.Vulkan_Debug|x64.Build.0 = Vulkan_Debug|x64
		{6AD98149-CDBD-4B3C-B1D6-DDB12D5BC54B}.Vulkan_Release|Any CPU.ActiveCfg = Vulkan_Release|x64
		{6AD98149-CDBD-4B3C-B1D6-DDB12D5BC54B}.Vulkan_Release|Any CPU.Build.0 = Vulkan_Release|x64
		{6AD98149-CDBD-4B3C-B1D6-DDB12D5BC54B}.Vulkan_Release|x64.ActiveCfg = Vulkan_Release|x64
		{6AD98149-CDBD-4B3C-B1D6-DDB12D5BC54B}.Vulkan_Release|x64.Build.0 = Vulkan_Release|x64
		{A80B0CB8-1BBD-4ADC-B9A1-4AF062687478}.D3D12_Debug|Any CPU.ActiveCfg = Vulkan_Release|x64
		{A80B0CB8-1BBD-4ADC-B9A1-4AF062687478}.D3D12_Debug|Any CPU.Build.0 = Vulkan_Release|x64
		{A80B0CB8-1BBD-4ADC-B9A1-4AF062687478}.D3D12_Debug|x64.ActiveCfg = Vulkan_Debug|x64
		{A80B0CB8-1BBD-4ADC-B9A1-4AF062687478}.D3D12_Release|Any CPU.ActiveCfg = Vulkan_Release|x64
		{A80B0CB8-1BBD-4ADC-B9A1-4AF062687478}.D3D12_Release|Any CPU.Build.0 = Vulkan_Release|x64
		{A80B0CB8-1BBD-4ADC-B9A1-4AF062687478}.D3D12_Release|x64.ActiveCfg = Vulkan_Release|x64
		{A80B0CB8-1BBD-4ADC-B9A1-4AF062687478}.Debug|Any CPU.ActiveCfg = Vulkan_Debug|x64
		{A80B0CB8-1BBD-4ADC-B9A1-4AF062687478}.Debug|x64.ActiveCfg = Vulkan_Debug|x64
		{A80B0CB8-1BBD-4ADC-B9A1-4AF062687478}.Release|Any CPU.ActiveCfg = Vulkan_Release|x64
		{A80B0CB8-1BBD-4ADC-B9A1-4AF062687478}.Release|x64.ActiveCfg = Vulkan_Release|x64
		{A80B0CB8-1BBD-4ADC-B9A1-4AF062687478}.Vulkan_Debug|Any CPU.ActiveCfg = Vulkan_Debug|x64
		{A80B0CB8-1BBD-4ADC-B9A1-4AF062687478}.Vulkan_Debug|Any CPU.Build.0 = Vulkan_Debug|x64
		{A80B0CB8-1BBD-4ADC-B9A1-4AF062687478}.Vulkan_Debug|x64.ActiveCfg = Vulkan_Debug|x64
		{A80B0CB8-1BBD-4ADC-B9A1-4AF062687478}.Vulkan_Debug|x64.Build.0 = Vulkan_Debug|x64
		{A80B0CB8-1BBD-4ADC-B9A1-4AF062687478}.Vulkan_Release|Any CPU.ActiveCfg = Vulkan_Release|x64
		{A80B0CB8-1BBD-4ADC-B9A1-4AF062687478}.Vulkan_Release|Any CPU.Build.0 = Vulkan_Release|x64
		{A80B0CB8-1BBD-4ADC-B9A1-4AF062687478}.Vulkan_Release|x64.ActiveCfg = Vulkan_Release|x64
		{A80B0CB8-1BBD-4ADC-B9A1-4AF062687478}.Vulkan_Release|x64.Build.0 = Vulkan_Release|x64
		{3CDB26CC-05EF-4AD7-BF1A-4DDEEB2549EB}.D3D12_Debug|Any CPU.ActiveCfg = Debug|Any CPU
		{3CDB26CC-05EF-4AD7-BF1A-4DDEEB2549EB}.D3D12_Debug|x64.ActiveCfg = Debug|Any CPU
		{3CDB26CC-05EF-4AD7-BF1A-4DDEEB2549EB}.D3D12_Release|Any CPU.ActiveCfg = Release|Any CPU
		{3CDB26CC-05EF-4AD7-BF1A-4DDEEB2549EB}.D3D12_Release|x64.ActiveCfg = Release|Any CPU
		{3CDB26CC-05EF-4AD7-BF1A-4DDEEB2549EB}.Debug|Any CPU.ActiveCfg = Debug|Any CPU
		{3CDB26CC-05EF-4AD7-BF1A-4DDEEB2549EB}.Debug|Any CPU.Build.0 = Debug|Any CPU
		{3CDB26CC-05EF-4AD7-BF1A-4DDEEB2549EB}.Debug|x64.ActiveCfg = Debug|Any CPU
		{3CDB26CC-05EF-4AD7-BF1A-4DDEEB2549EB}.Release|Any CPU.ActiveCfg = Release|Any CPU
		{3CDB26CC-05EF-4AD7-BF1A-4DDEEB2549EB}.Release|Any CPU.Build.0 = Release|Any CPU
		{3CDB26CC-05EF-4AD7-BF1A-4DDEEB2549EB}.Release|x64.ActiveCfg = Release|Any CPU
		{3CDB26CC-05EF-4AD7-BF1A-4DDEEB2549EB}.Vulkan_Debug|Any CPU.ActiveCfg = Debug|Any CPU
		{3CDB26CC-05EF-4AD7-BF1A-4DDEEB2549EB}.Vulkan_Debug|x64.ActiveCfg = Debug|Any CPU
		{3CDB26CC-05EF-4AD7-BF1A-4DDEEB2549EB}.Vulkan_Release|Any CPU.ActiveCfg = Release|Any CPU
		{3CDB26CC-05EF-4AD7-BF1A-4DDEEB2549EB}.Vulkan_Release|x64.ActiveCfg = Release|Any CPU
	EndGlobalSection
	GlobalSection(SolutionProperties) = preSolution
		HideSolutionNode = FALSE
	EndGlobalSection
	GlobalSection(ExtensibilityGlobals) = postSolution
		SolutionGuid = {B6409463-C50D-4038-A9AE-BA5677949760}
	EndGlobalSection
EndGlobal
