<?xml version="1.0" encoding="utf-8"?>
<Project ToolsVersion="4.0" xmlns="http://schemas.microsoft.com/developer/msbuild/2003">
  <ItemGroup>
    <Filter Include="Source Files">
      <UniqueIdentifier>{4FC737F1-C7A5-4376-A066-2A32D752A2FF}</UniqueIdentifier>
      <Extensions>cpp;c;cc;cxx;c++;cppm;ixx;def;odl;idl;hpj;bat;asm;asmx</Extensions>
    </Filter>
    <Filter Include="Header Files">
      <UniqueIdentifier>{93995380-89BD-4b04-88EB-625FBE52EBFB}</UniqueIdentifier>
      <Extensions>h;hh;hpp;hxx;h++;hm;inl;inc;ipp;xsd</Extensions>
    </Filter>
    <Filter Include="Resource Files">
      <UniqueIdentifier>{67DA6AB6-F800-4c08-8B7A-83BB121AAD01}</UniqueIdentifier>
      <Extensions>rc;ico;cur;bmp;dlg;rc2;rct;bin;rgs;gif;jpg;jpeg;jpe;resx;tiff;tif;png;wav;mfcribbon-ms</Extensions>
    </Filter>
    <Filter Include="Shaders">
      <UniqueIdentifier>{4a444bf5-efd5-4028-8405-73c1d1a2b8f6}</UniqueIdentifier>
    </Filter>
    <Filter Include="Submodules">
      <UniqueIdentifier>{bf4ca238-32ac-4fda-9d9a-73e39215b043}</UniqueIdentifier>
    </Filter>
    <Filter Include="Submodules\DirectXMath">
      <UniqueIdentifier>{70c03369-9b20-4a54-be66-ab0bcbef35eb}</UniqueIdentifier>
    </Filter>
  </ItemGroup>
  <ItemGroup>
    <ClCompile Include="main.cpp">
      <Filter>Source Files</Filter>
    </ClCompile>
    <ClCompile Include="Model.cpp">
      <Filter>Source Files</Filter>
    </ClCompile>
    <ClCompile Include="UploadHeap.cpp">
      <Filter>Source Files</Filter>
    </ClCompile>
    <ClCompile Include="Camera.cpp">
      <Filter>Source Files</Filter>
    </ClCompile>
    <ClCompile Include="LinearConstantBuffer.cpp">
      <Filter>Source Files</Filter>
    </ClCompile>
    <ClCompile Include="ModelViewer.cpp">
      <Filter>Source Files</Filter>
    </ClCompile>
    <ClCompile Include="DebugDraw.cpp">
      <Filter>Source Files</Filter>
    </ClCompile>
  </ItemGroup>
  <ItemGroup>
    <ClInclude Include="..\SlimEngine\seEngine.h">
      <Filter>Header Files</Filter>
    </ClInclude>
    <ClInclude Include="AverageTimer.h">
      <Filter>Header Files</Filter>
    </ClInclude>
    <ClInclude Include="Model.h">
      <Filter>Header Files</Filter>
    </ClInclude>
    <ClInclude Include="UploadHeap.h">
      <Filter>Header Files</Filter>
    </ClInclude>
    <ClInclude Include="Camera.h">
      <Filter>Header Files</Filter>
    </ClInclude>
    <ClInclude Include="LinearConstantBuffer.h">
      <Filter>Header Files</Filter>
    </ClInclude>
    <ClInclude Include="ShaderSharedStructures.h">
      <Filter>Header Files</Filter>
    </ClInclude>
    <ClInclude Include="ModelViewer.h">
      <Filter>Header Files</Filter>
    </ClInclude>
    <ClInclude Include="..\SubModules\DirectXMath\Inc\DirectXCollision.h">
      <Filter>Submodules\DirectXMath</Filter>
    </ClInclude>
    <ClInclude Include="..\SubModules\DirectXMath\Inc\DirectXColors.h">
      <Filter>Submodules\DirectXMath</Filter>
    </ClInclude>
    <ClInclude Include="..\SubModules\DirectXMath\Inc\DirectXMath.h">
      <Filter>Submodules\DirectXMath</Filter>
    </ClInclude>
    <ClInclude Include="..\SubModules\DirectXMath\Inc\DirectXPackedVector.h">
      <Filter>Submodules\DirectXMath</Filter>
    </ClInclude>
    <ClInclude Include="DebugDraw.h">
      <Filter>Header Files</Filter>
    </ClInclude>
  </ItemGroup>
  <ItemGroup>
    <None Include="Basic_Header.hlsli">
      <Filter>Shaders</Filter>
    </None>
    <None Include="Basic3D_Header.hlsli">
      <Filter>Shaders</Filter>
    </None>
    <None Include="SlimGraphicsShaders.slimshaderjson">
      <Filter>Shaders</Filter>
    </None>
    <None Include="ModelViewer_Header.hlsli">
      <Filter>Shaders</Filter>
    </None>
    <None Include="..\SubModules\DirectXMath\Inc\DirectXCollision.inl">
      <Filter>Submodules\DirectXMath</Filter>
    </None>
    <None Include="..\SubModules\DirectXMath\Inc\DirectXMathConvert.inl">
      <Filter>Submodules\DirectXMath</Filter>
    </None>
    <None Include="..\SubModules\DirectXMath\Inc\DirectXMathMatrix.inl">
      <Filter>Submodules\DirectXMath</Filter>
    </None>
    <None Include="..\SubModules\DirectXMath\Inc\DirectXMathMisc.inl">
      <Filter>Submodules\DirectXMath</Filter>
    </None>
    <None Include="..\SubModules\DirectXMath\Inc\DirectXMathVector.inl">
      <Filter>Submodules\DirectXMath</Filter>
    </None>
    <None Include="..\SubModules\DirectXMath\Inc\DirectXPackedVector.inl">
      <Filter>Submodules\DirectXMath</Filter>
    </None>
  </ItemGroup>
  <ItemGroup>
    <Text Include="Basic_ComputeShader.hlsl">
      <Filter>Shaders</Filter>
    </Text>
    <Text Include="Basic_ConstantBuffer_PixelShader.hlsl">
      <Filter>Shaders</Filter>
    </Text>
    <Text Include="Basic_PixelShader.hlsl">
      <Filter>Shaders</Filter>
    </Text>
    <Text Include="Basic_VertexShader.hlsl">
      <Filter>Shaders</Filter>
    </Text>
    <Text Include="Basic3D_PixelShader.hlsl">
      <Filter>Shaders</Filter>
    </Text>
    <Text Include="Basic3D_VertexShader.hlsl">
      <Filter>Shaders</Filter>
    </Text>
    <Text Include="Basic_Buffer_PixelShader.hlsl">
      <Filter>Shaders</Filter>
    </Text>
    <Text Include="MeshletPS.hlsl">
      <Filter>Shaders</Filter>
    </Text>
    <Text Include="MeshletMS.hlsl">
      <Filter>Shaders</Filter>
    </Text>
    <Text Include="ModelViewer_PixelShader.hlsl">
      <Filter>Shaders</Filter>
    </Text>
    <Text Include="ModelViewer_VertexShader.hlsl">
      <Filter>Shaders</Filter>
    </Text>
    <Text Include="ModelViewer_VertexShaderQuad.hlsl">
      <Filter>Shaders</Filter>
    </Text>
    <Text Include="ModelViewer_VertexShaderTriangle.hlsl">
      <Filter>Shaders</Filter>
    </Text>
    <Text Include="ModelViewer_MeshShader.hlsl">
      <Filter>Shaders</Filter>
    </Text>
    <Text Include="ModelViewer_PixelMeshShader.hlsl">
      <Filter>Shaders</Filter>
    </Text>
    <Text Include="BufferTypesComputeShader.hlsl">
      <Filter>Shaders</Filter>
    </Text>
    <Text Include="DebugWireframeShader.hlsl">
      <Filter>Shaders</Filter>
    </Text>
  </ItemGroup>
</Project>