<?xml version="1.0" encoding="utf-8"?>
<Project ToolsVersion="4.0" xmlns="http://schemas.microsoft.com/developer/msbuild/2003">
  <ItemGroup>
    <Filter Include="Source Files">
      <UniqueIdentifier>{4FC737F1-C7A5-4376-A066-2A32D752A2FF}</UniqueIdentifier>
      <Extensions>cpp;c;cc;cxx;c++;cppm;ixx;def;odl;idl;hpj;bat;asm;asmx</Extensions>
    </Filter>
    <Filter Include="Header Files">
      <UniqueIdentifier>{93995380-89BD-4b04-88EB-625FBE52EBFB}</UniqueIdentifier>
      <Extensions>h;hh;hpp;hxx;h++;hm;inl;inc;ipp;xsd</Extensions>
    </Filter>
    <Filter Include="Resource Files">
      <UniqueIdentifier>{67DA6AB6-F800-4c08-8B7A-83BB121AAD01}</UniqueIdentifier>
      <Extensions>rc;ico;cur;bmp;dlg;rc2;rct;bin;rgs;gif;jpg;jpeg;jpe;resx;tiff;tif;png;wav;mfcribbon-ms</Extensions>
    </Filter>
    <Filter Include="Submodules-DirectX">
      <UniqueIdentifier>{3b7d5578-94fb-4879-9a35-ea87faa8ea1d}</UniqueIdentifier>
    </Filter>
  </ItemGroup>
  <ItemGroup>
    <ClInclude Include="sgD3D12Include.h">
      <Filter>Header Files</Filter>
    </ClInclude>
    <ClInclude Include="pch.h">
      <Filter>Header Files</Filter>
    </ClInclude>
    <ClInclude Include="sgPlatformInclude.h">
      <Filter>Header Files</Filter>
    </ClInclude>
    <ClInclude Include="sgD3D12Device.h">
      <Filter>Header Files</Filter>
    </ClInclude>
    <ClInclude Include="sgD3D12CommandList.h">
      <Filter>Header Files</Filter>
    </ClInclude>
    <ClInclude Include="sgD3D12Memory.h">
      <Filter>Header Files</Filter>
    </ClInclude>
    <ClInclude Include="sgD3D12CommandQueue.h">
      <Filter>Header Files</Filter>
    </ClInclude>
    <ClInclude Include="sgD3D12Buffer.h">
      <Filter>Header Files</Filter>
    </ClInclude>
    <ClInclude Include="sgD3D12Texture.h">
      <Filter>Header Files</Filter>
    </ClInclude>
    <ClInclude Include="sgD3D12ShaderResourceView.h">
      <Filter>Header Files</Filter>
    </ClInclude>
    <ClInclude Include="sgD3D12BufferView.h">
      <Filter>Header Files</Filter>
    </ClInclude>
    <ClInclude Include="sgD3D12Shader.h">
      <Filter>Header Files</Filter>
    </ClInclude>
    <ClInclude Include="sgD3D12Pipeline.h">
      <Filter>Header Files</Filter>
    </ClInclude>
    <ClInclude Include="sgPlatformForwardDeclare.h">
      <Filter>Header Files</Filter>
    </ClInclude>
    <ClInclude Include="sgD3D12RenderTargetView.h">
      <Filter>Header Files</Filter>
    </ClInclude>
    <ClInclude Include="sgD3D12UnorderedAccessView.h">
      <Filter>Header Files</Filter>
    </ClInclude>
    <ClInclude Include="sgD3D12ConstantBufferView.h">
      <Filter>Header Files</Filter>
    </ClInclude>
    <ClInclude Include="sgD3D12Sampler.h">
      <Filter>Header Files</Filter>
    </ClInclude>
    <ClInclude Include="sgD3D12DescriptorHeap.h">
      <Filter>Header Files</Filter>
    </ClInclude>
    <ClInclude Include="sgD3D12TypesTranslator.h">
      <Filter>Header Files</Filter>
    </ClInclude>
    <ClInclude Include="sgD3D12DepthStencilView.h">
      <Filter>Header Files</Filter>
    </ClInclude>
    <ClInclude Include="sgD3D12QueueFence.h">
      <Filter>Header Files</Filter>
    </ClInclude>
    <ClInclude Include="sgD3D12GPUTimestampPool.h">
      <Filter>Header Files</Filter>
    </ClInclude>
    <ClInclude Include="sgD3D12Binding.h">
      <Filter>Header Files</Filter>
    </ClInclude>
    <ClInclude Include="sgD3D12VertexBufferView.h">
      <Filter>Header Files</Filter>
    </ClInclude>
    <ClInclude Include="sgD3D12IndexBufferView.h">
      <Filter>Header Files</Filter>
    </ClInclude>
    <ClInclude Include="..\SubModules\DirectX-Headers\include\directx\d3d12compatibility.h">
      <Filter>Submodules-DirectX</Filter>
    </ClInclude>
    <ClInclude Include="..\SubModules\DirectX-Headers\include\directx\d3d12sdklayers.h">
      <Filter>Submodules-DirectX</Filter>
    </ClInclude>
    <ClInclude Include="..\SubModules\DirectX-Headers\include\directx\d3d12shader.h">
      <Filter>Submodules-DirectX</Filter>
    </ClInclude>
    <ClInclude Include="..\SubModules\DirectX-Headers\include\directx\D3D12TokenizedProgramFormat.hpp">
      <Filter>Submodules-DirectX</Filter>
    </ClInclude>
    <ClInclude Include="..\SubModules\DirectX-Headers\include\directx\d3d12video.h">
      <Filter>Submodules-DirectX</Filter>
    </ClInclude>
    <ClInclude Include="..\SubModules\DirectX-Headers\include\directx\d3dcommon.h">
      <Filter>Submodules-DirectX</Filter>
    </ClInclude>
    <ClInclude Include="..\SubModules\DirectX-Headers\include\directx\d3dx12.h">
      <Filter>Submodules-DirectX</Filter>
    </ClInclude>
    <ClInclude Include="..\SubModules\DirectX-Headers\include\directx\d3dx12_barriers.h">
      <Filter>Submodules-DirectX</Filter>
    </ClInclude>
    <ClInclude Include="..\SubModules\DirectX-Headers\include\directx\d3dx12_check_feature_support.h">
      <Filter>Submodules-DirectX</Filter>
    </ClInclude>
    <ClInclude Include="..\SubModules\DirectX-Headers\include\directx\d3dx12_core.h">
      <Filter>Submodules-DirectX</Filter>
    </ClInclude>
    <ClInclude Include="..\SubModules\DirectX-Headers\include\directx\d3dx12_default.h">
      <Filter>Submodules-DirectX</Filter>
    </ClInclude>
    <ClInclude Include="..\SubModules\DirectX-Headers\include\directx\d3dx12_pipeline_state_stream.h">
      <Filter>Submodules-DirectX</Filter>
    </ClInclude>
    <ClInclude Include="..\SubModules\DirectX-Headers\include\directx\d3dx12_property_format_table.h">
      <Filter>Submodules-DirectX</Filter>
    </ClInclude>
    <ClInclude Include="..\SubModules\DirectX-Headers\include\directx\d3dx12_render_pass.h">
      <Filter>Submodules-DirectX</Filter>
    </ClInclude>
    <ClInclude Include="..\SubModules\DirectX-Headers\include\directx\d3dx12_resource_helpers.h">
      <Filter>Submodules-DirectX</Filter>
    </ClInclude>
    <ClInclude Include="..\SubModules\DirectX-Headers\include\directx\d3dx12_root_signature.h">
      <Filter>Submodules-DirectX</Filter>
    </ClInclude>
    <ClInclude Include="..\SubModules\DirectX-Headers\include\directx\d3dx12_state_object.h">
      <Filter>Submodules-DirectX</Filter>
    </ClInclude>
    <ClInclude Include="..\SubModules\DirectX-Headers\include\directx\DirectML.h">
      <Filter>Submodules-DirectX</Filter>
    </ClInclude>
    <ClInclude Include="..\SubModules\DirectX-Headers\include\directx\dxcore.h">
      <Filter>Submodules-DirectX</Filter>
    </ClInclude>
    <ClInclude Include="..\SubModules\DirectX-Headers\include\directx\dxcore_interface.h">
      <Filter>Submodules-DirectX</Filter>
    </ClInclude>
    <ClInclude Include="..\SubModules\DirectX-Headers\include\directx\dxgicommon.h">
      <Filter>Submodules-DirectX</Filter>
    </ClInclude>
    <ClInclude Include="..\SubModules\DirectX-Headers\include\directx\dxgiformat.h">
      <Filter>Submodules-DirectX</Filter>
    </ClInclude>
    <ClInclude Include="..\SubModules\DirectX-Headers\include\directx\d3d12.h">
      <Filter>Submodules-DirectX</Filter>
    </ClInclude>
  </ItemGroup>
  <ItemGroup>
    <ClCompile Include="SlimGraphicsD3D12.cpp">
      <Filter>Source Files</Filter>
    </ClCompile>
    <ClCompile Include="pch.cpp">
      <Filter>Source Files</Filter>
    </ClCompile>
    <ClCompile Include="sgD3D12Device.cpp">
      <Filter>Source Files</Filter>
    </ClCompile>
    <ClCompile Include="sgD3D12CommandList.cpp">
      <Filter>Source Files</Filter>
    </ClCompile>
    <ClCompile Include="sgD3D12Memory.cpp">
      <Filter>Source Files</Filter>
    </ClCompile>
    <ClCompile Include="sgD3D12CommandQueue.cpp">
      <Filter>Source Files</Filter>
    </ClCompile>
    <ClCompile Include="sgD3D12Buffer.cpp">
      <Filter>Source Files</Filter>
    </ClCompile>
    <ClCompile Include="sgD3D12Texture.cpp">
      <Filter>Source Files</Filter>
    </ClCompile>
    <ClCompile Include="sgD3D12ShaderResourceView.cpp">
      <Filter>Source Files</Filter>
    </ClCompile>
    <ClCompile Include="sgD3D12BufferView.cpp">
      <Filter>Source Files</Filter>
    </ClCompile>
    <ClCompile Include="sgD3D12Shader.cpp">
      <Filter>Source Files</Filter>
    </ClCompile>
    <ClCompile Include="sgD3D12Pipeline.cpp">
      <Filter>Source Files</Filter>
    </ClCompile>
    <ClCompile Include="sgD3D12RenderTargetView.cpp">
      <Filter>Source Files</Filter>
    </ClCompile>
    <ClCompile Include="sgD3D12UnorderedAccessView.cpp">
      <Filter>Source Files</Filter>
    </ClCompile>
    <ClCompile Include="sgD3D12ConstantBufferView.cpp">
      <Filter>Source Files</Filter>
    </ClCompile>
    <ClCompile Include="sgD3D12Sampler.cpp">
      <Filter>Source Files</Filter>
    </ClCompile>
    <ClCompile Include="sgD3D12DescriptorHeap.cpp">
      <Filter>Source Files</Filter>
    </ClCompile>
    <ClCompile Include="sgD3D12DepthStencilView.cpp">
      <Filter>Source Files</Filter>
    </ClCompile>
    <ClCompile Include="sgD3D12QueueFence.cpp">
      <Filter>Source Files</Filter>
    </ClCompile>
    <ClCompile Include="sgD3D12GPUTimestampPool.cpp">
      <Filter>Source Files</Filter>
    </ClCompile>
    <ClCompile Include="sgD3D12Binding.cpp">
      <Filter>Source Files</Filter>
    </ClCompile>
  </ItemGroup>
</Project>