<?xml version="1.0" encoding="utf-8"?>
<Project ToolsVersion="4.0" xmlns="http://schemas.microsoft.com/developer/msbuild/2003">
  <ItemGroup>
    <Filter Include="Source Files">
      <UniqueIdentifier>{4FC737F1-C7A5-4376-A066-2A32D752A2FF}</UniqueIdentifier>
      <Extensions>cpp;c;cc;cxx;c++;cppm;ixx;def;odl;idl;hpj;bat;asm;asmx</Extensions>
    </Filter>
    <Filter Include="Header Files">
      <UniqueIdentifier>{93995380-89BD-4b04-88EB-625FBE52EBFB}</UniqueIdentifier>
      <Extensions>h;hh;hpp;hxx;h++;hm;inl;inc;ipp;xsd</Extensions>
    </Filter>
    <Filter Include="Resource Files">
      <UniqueIdentifier>{67DA6AB6-F800-4c08-8B7A-83BB121AAD01}</UniqueIdentifier>
      <Extensions>rc;ico;cur;bmp;dlg;rc2;rct;bin;rgs;gif;jpg;jpeg;jpe;resx;tiff;tif;png;wav;mfcribbon-ms</Extensions>
    </Filter>
  </ItemGroup>
  <ItemGroup>
    <ClInclude Include="..\SubModules\DirectXTK12\Inc\EffectPipelineStateDescription.h">
      <Filter>Header Files</Filter>
    </ClInclude>
    <ClInclude Include="..\SubModules\DirectXTK12\Inc\Effects.h">
      <Filter>Header Files</Filter>
    </ClInclude>
    <ClInclude Include="..\SubModules\DirectXTK12\Inc\GamePad.h">
      <Filter>Header Files</Filter>
    </ClInclude>
    <ClInclude Include="..\SubModules\DirectXTK12\Inc\GeometricPrimitive.h">
      <Filter>Header Files</Filter>
    </ClInclude>
    <ClInclude Include="..\SubModules\DirectXTK12\Inc\GraphicsMemory.h">
      <Filter>Header Files</Filter>
    </ClInclude>
    <ClInclude Include="..\SubModules\DirectXTK12\Inc\Keyboard.h">
      <Filter>Header Files</Filter>
    </ClInclude>
    <ClInclude Include="..\SubModules\DirectXTK12\Inc\Model.h">
      <Filter>Header Files</Filter>
    </ClInclude>
    <ClInclude Include="..\SubModules\DirectXTK12\Inc\Mouse.h">
      <Filter>Header Files</Filter>
    </ClInclude>
    <ClInclude Include="..\SubModules\DirectXTK12\Inc\PostProcess.h">
      <Filter>Header Files</Filter>
    </ClInclude>
    <ClInclude Include="..\SubModules\DirectXTK12\Inc\PrimitiveBatch.h">
      <Filter>Header Files</Filter>
    </ClInclude>
    <ClInclude Include="..\SubModules\DirectXTK12\Inc\RenderTargetState.h">
      <Filter>Header Files</Filter>
    </ClInclude>
    <ClInclude Include="..\SubModules\DirectXTK12\Inc\ResourceUploadBatch.h">
      <Filter>Header Files</Filter>
    </ClInclude>
    <ClInclude Include="..\SubModules\DirectXTK12\Inc\ScreenGrab.h">
      <Filter>Header Files</Filter>
    </ClInclude>
    <ClInclude Include="..\SubModules\DirectXTK12\Inc\SimpleMath.h">
      <Filter>Header Files</Filter>
    </ClInclude>
    <ClInclude Include="..\SubModules\DirectXTK12\Inc\SpriteBatch.h">
      <Filter>Header Files</Filter>
    </ClInclude>
    <ClInclude Include="..\SubModules\DirectXTK12\Inc\SpriteFont.h">
      <Filter>Header Files</Filter>
    </ClInclude>
    <ClInclude Include="..\SubModules\DirectXTK12\Inc\VertexTypes.h">
      <Filter>Header Files</Filter>
    </ClInclude>
    <ClInclude Include="..\SubModules\DirectXTK12\Inc\WICTextureLoader.h">
      <Filter>Header Files</Filter>
    </ClInclude>
    <ClInclude Include="..\SubModules\DirectXTK12\Inc\XboxDDSTextureLoader.h">
      <Filter>Header Files</Filter>
    </ClInclude>
    <ClInclude Include="..\SubModules\DirectXTK12\Inc\Audio.h">
      <Filter>Header Files</Filter>
    </ClInclude>
    <ClInclude Include="..\SubModules\DirectXTK12\Inc\BufferHelpers.h">
      <Filter>Header Files</Filter>
    </ClInclude>
    <ClInclude Include="..\SubModules\DirectXTK12\Inc\CommonStates.h">
      <Filter>Header Files</Filter>
    </ClInclude>
    <ClInclude Include="..\SubModules\DirectXTK12\Inc\DDSTextureLoader.h">
      <Filter>Header Files</Filter>
    </ClInclude>
    <ClInclude Include="..\SubModules\DirectXTK12\Inc\DescriptorHeap.h">
      <Filter>Header Files</Filter>
    </ClInclude>
    <ClInclude Include="..\SubModules\DirectXTK12\Inc\DirectXHelpers.h">
      <Filter>Header Files</Filter>
    </ClInclude>
    <ClInclude Include="..\SubModules\DirectXTK12\Src\AlignedNew.h">
      <Filter>Source Files</Filter>
    </ClInclude>
    <ClInclude Include="..\SubModules\DirectXTK12\Src\Bezier.h">
      <Filter>Source Files</Filter>
    </ClInclude>
    <ClInclude Include="..\SubModules\DirectXTK12\Src\BinaryReader.h">
      <Filter>Source Files</Filter>
    </ClInclude>
    <ClInclude Include="..\SubModules\DirectXTK12\Src\CMO.h">
      <Filter>Source Files</Filter>
    </ClInclude>
    <ClInclude Include="..\SubModules\DirectXTK12\Src\d3dx12.h">
      <Filter>Source Files</Filter>
    </ClInclude>
    <ClInclude Include="..\SubModules\DirectXTK12\Src\DDS.h">
      <Filter>Source Files</Filter>
    </ClInclude>
    <ClInclude Include="..\SubModules\DirectXTK12\Src\DemandCreate.h">
      <Filter>Source Files</Filter>
    </ClInclude>
    <ClInclude Include="..\SubModules\DirectXTK12\Src\EffectCommon.h">
      <Filter>Source Files</Filter>
    </ClInclude>
    <ClInclude Include="..\SubModules\DirectXTK12\Src\Geometry.h">
      <Filter>Source Files</Filter>
    </ClInclude>
    <ClInclude Include="..\SubModules\DirectXTK12\Src\LinearAllocator.h">
      <Filter>Source Files</Filter>
    </ClInclude>
    <ClInclude Include="..\SubModules\DirectXTK12\Src\LoaderHelpers.h">
      <Filter>Source Files</Filter>
    </ClInclude>
    <ClInclude Include="..\SubModules\DirectXTK12\Src\pch.h">
      <Filter>Source Files</Filter>
    </ClInclude>
    <ClInclude Include="..\SubModules\DirectXTK12\Src\PlatformHelpers.h">
      <Filter>Source Files</Filter>
    </ClInclude>
    <ClInclude Include="..\SubModules\DirectXTK12\Src\SDKMesh.h">
      <Filter>Source Files</Filter>
    </ClInclude>
    <ClInclude Include="..\SubModules\DirectXTK12\Src\SharedResourcePool.h">
      <Filter>Source Files</Filter>
    </ClInclude>
    <ClInclude Include="..\SubModules\DirectXTK12\Src\vbo.h">
      <Filter>Source Files</Filter>
    </ClInclude>
  </ItemGroup>
  <ItemGroup>
    <None Include="..\SubModules\DirectXTK12\Inc\SimpleMath.inl">
      <Filter>Header Files</Filter>
    </None>
    <None Include="..\SubModules\DirectXTK12\Src\TeapotData.inc">
      <Filter>Source Files</Filter>
    </None>
  </ItemGroup>
  <ItemGroup>
    <ClCompile Include="..\SubModules\DirectXTK12\Src\AlphaTestEffect.cpp">
      <Filter>Source Files</Filter>
    </ClCompile>
    <ClCompile Include="..\SubModules\DirectXTK12\Src\BasicEffect.cpp">
      <Filter>Source Files</Filter>
    </ClCompile>
    <ClCompile Include="..\SubModules\DirectXTK12\Src\BasicPostProcess.cpp">
      <Filter>Source Files</Filter>
    </ClCompile>
    <ClCompile Include="..\SubModules\DirectXTK12\Src\BinaryReader.cpp">
      <Filter>Source Files</Filter>
    </ClCompile>
    <ClCompile Include="..\SubModules\DirectXTK12\Src\BufferHelpers.cpp">
      <Filter>Source Files</Filter>
    </ClCompile>
    <ClCompile Include="..\SubModules\DirectXTK12\Src\CommonStates.cpp">
      <Filter>Source Files</Filter>
    </ClCompile>
    <ClCompile Include="..\SubModules\DirectXTK12\Src\DDSTextureLoader.cpp">
      <Filter>Source Files</Filter>
    </ClCompile>
    <ClCompile Include="..\SubModules\DirectXTK12\Src\DebugEffect.cpp">
      <Filter>Source Files</Filter>
    </ClCompile>
    <ClCompile Include="..\SubModules\DirectXTK12\Src\DescriptorHeap.cpp">
      <Filter>Source Files</Filter>
    </ClCompile>
    <ClCompile Include="..\SubModules\DirectXTK12\Src\DirectXHelpers.cpp">
      <Filter>Source Files</Filter>
    </ClCompile>
    <ClCompile Include="..\SubModules\DirectXTK12\Src\DualPostProcess.cpp">
      <Filter>Source Files</Filter>
    </ClCompile>
    <ClCompile Include="..\SubModules\DirectXTK12\Src\DualTextureEffect.cpp">
      <Filter>Source Files</Filter>
    </ClCompile>
    <ClCompile Include="..\SubModules\DirectXTK12\Src\EffectCommon.cpp">
      <Filter>Source Files</Filter>
    </ClCompile>
    <ClCompile Include="..\SubModules\DirectXTK12\Src\EffectFactory.cpp">
      <Filter>Source Files</Filter>
    </ClCompile>
    <ClCompile Include="..\SubModules\DirectXTK12\Src\EffectPipelineStateDescription.cpp">
      <Filter>Source Files</Filter>
    </ClCompile>
    <ClCompile Include="..\SubModules\DirectXTK12\Src\EffectTextureFactory.cpp">
      <Filter>Source Files</Filter>
    </ClCompile>
    <ClCompile Include="..\SubModules\DirectXTK12\Src\EnvironmentMapEffect.cpp">
      <Filter>Source Files</Filter>
    </ClCompile>
    <ClCompile Include="..\SubModules\DirectXTK12\Src\GamePad.cpp">
      <Filter>Source Files</Filter>
    </ClCompile>
    <ClCompile Include="..\SubModules\DirectXTK12\Src\GeometricPrimitive.cpp">
      <Filter>Source Files</Filter>
    </ClCompile>
    <ClCompile Include="..\SubModules\DirectXTK12\Src\Geometry.cpp">
      <Filter>Source Files</Filter>
    </ClCompile>
    <ClCompile Include="..\SubModules\DirectXTK12\Src\GraphicsMemory.cpp">
      <Filter>Source Files</Filter>
    </ClCompile>
    <ClCompile Include="..\SubModules\DirectXTK12\Src\Keyboard.cpp">
      <Filter>Source Files</Filter>
    </ClCompile>
    <ClCompile Include="..\SubModules\DirectXTK12\Src\LinearAllocator.cpp">
      <Filter>Source Files</Filter>
    </ClCompile>
    <ClCompile Include="..\SubModules\DirectXTK12\Src\Model.cpp">
      <Filter>Source Files</Filter>
    </ClCompile>
    <ClCompile Include="..\SubModules\DirectXTK12\Src\ModelLoadCMO.cpp">
      <Filter>Source Files</Filter>
    </ClCompile>
    <ClCompile Include="..\SubModules\DirectXTK12\Src\ModelLoadSDKMESH.cpp">
      <Filter>Source Files</Filter>
    </ClCompile>
    <ClCompile Include="..\SubModules\DirectXTK12\Src\ModelLoadVBO.cpp">
      <Filter>Source Files</Filter>
    </ClCompile>
    <ClCompile Include="..\SubModules\DirectXTK12\Src\Mouse.cpp">
      <Filter>Source Files</Filter>
    </ClCompile>
    <ClCompile Include="..\SubModules\DirectXTK12\Src\NormalMapEffect.cpp">
      <Filter>Source Files</Filter>
    </ClCompile>
    <ClCompile Include="..\SubModules\DirectXTK12\Src\PBREffect.cpp">
      <Filter>Source Files</Filter>
    </ClCompile>
    <ClCompile Include="..\SubModules\DirectXTK12\Src\PBREffectFactory.cpp">
      <Filter>Source Files</Filter>
    </ClCompile>
    <ClCompile Include="..\SubModules\DirectXTK12\Src\pch.cpp">
      <Filter>Source Files</Filter>
    </ClCompile>
    <ClCompile Include="..\SubModules\DirectXTK12\Src\PrimitiveBatch.cpp">
      <Filter>Source Files</Filter>
    </ClCompile>
    <ClCompile Include="..\SubModules\DirectXTK12\Src\ResourceUploadBatch.cpp">
      <Filter>Source Files</Filter>
    </ClCompile>
    <ClCompile Include="..\SubModules\DirectXTK12\Src\ScreenGrab.cpp">
      <Filter>Source Files</Filter>
    </ClCompile>
    <ClCompile Include="..\SubModules\DirectXTK12\Src\SimpleMath.cpp">
      <Filter>Source Files</Filter>
    </ClCompile>
    <ClCompile Include="..\SubModules\DirectXTK12\Src\SkinnedEffect.cpp">
      <Filter>Source Files</Filter>
    </ClCompile>
    <ClCompile Include="..\SubModules\DirectXTK12\Src\SpriteBatch.cpp">
      <Filter>Source Files</Filter>
    </ClCompile>
    <ClCompile Include="..\SubModules\DirectXTK12\Src\SpriteFont.cpp">
      <Filter>Source Files</Filter>
    </ClCompile>
    <ClCompile Include="..\SubModules\DirectXTK12\Src\ToneMapPostProcess.cpp">
      <Filter>Source Files</Filter>
    </ClCompile>
    <ClCompile Include="..\SubModules\DirectXTK12\Src\VertexTypes.cpp">
      <Filter>Source Files</Filter>
    </ClCompile>
    <ClCompile Include="..\SubModules\DirectXTK12\Src\WICTextureLoader.cpp">
      <Filter>Source Files</Filter>
    </ClCompile>
    <ClCompile Include="..\SubModules\DirectXTK12\Src\XboxDDSTextureLoader.cpp">
      <Filter>Source Files</Filter>
    </ClCompile>
  </ItemGroup>
</Project>