<?xml version="1.0" encoding="utf-8"?>
<Project ToolsVersion="4.0" xmlns="http://schemas.microsoft.com/developer/msbuild/2003">
  <ItemGroup>
    <Filter Include="Source Files">
      <UniqueIdentifier>{4FC737F1-C7A5-4376-A066-2A32D752A2FF}</UniqueIdentifier>
      <Extensions>cpp;c;cc;cxx;c++;cppm;ixx;def;odl;idl;hpj;bat;asm;asmx</Extensions>
    </Filter>
    <Filter Include="Header Files">
      <UniqueIdentifier>{93995380-89BD-4b04-88EB-625FBE52EBFB}</UniqueIdentifier>
      <Extensions>h;hh;hpp;hxx;h++;hm;inl;inc;ipp;xsd</Extensions>
    </Filter>
    <Filter Include="Resource Files">
      <UniqueIdentifier>{67DA6AB6-F800-4c08-8B7A-83BB121AAD01}</UniqueIdentifier>
      <Extensions>rc;ico;cur;bmp;dlg;rc2;rct;bin;rgs;gif;jpg;jpeg;jpe;resx;tiff;tif;png;wav;mfcribbon-ms</Extensions>
    </Filter>
  </ItemGroup>
  <ItemGroup>
    <ClInclude Include="..\SubModules\DirectXMesh\DirectXMesh\DirectXMesh.h">
      <Filter>Header Files</Filter>
    </ClInclude>
    <ClInclude Include="..\SubModules\DirectXMesh\DirectXMesh\DirectXMeshP.h">
      <Filter>Header Files</Filter>
    </ClInclude>
    <ClInclude Include="..\SubModules\DirectXMesh\DirectXMesh\scoped.h">
      <Filter>Header Files</Filter>
    </ClInclude>
  </ItemGroup>
  <ItemGroup>
    <None Include="..\SubModules\DirectXMesh\DirectXMesh\DirectXMesh.inl">
      <Filter>Header Files</Filter>
    </None>
  </ItemGroup>
  <ItemGroup>
    <ClCompile Include="..\SubModules\DirectXMesh\DirectXMesh\DirectXMeshAdjacency.cpp">
      <Filter>Source Files</Filter>
    </ClCompile>
    <ClCompile Include="..\SubModules\DirectXMesh\DirectXMesh\DirectXMeshClean.cpp">
      <Filter>Source Files</Filter>
    </ClCompile>
    <ClCompile Include="..\SubModules\DirectXMesh\DirectXMesh\DirectXMeshConcat.cpp">
      <Filter>Source Files</Filter>
    </ClCompile>
    <ClCompile Include="..\SubModules\DirectXMesh\DirectXMesh\DirectXMeshGSAdjacency.cpp">
      <Filter>Source Files</Filter>
    </ClCompile>
    <ClCompile Include="..\SubModules\DirectXMesh\DirectXMesh\DirectXMeshletGenerator.cpp">
      <Filter>Source Files</Filter>
    </ClCompile>
    <ClCompile Include="..\SubModules\DirectXMesh\DirectXMesh\DirectXMeshNormals.cpp">
      <Filter>Source Files</Filter>
    </ClCompile>
    <ClCompile Include="..\SubModules\DirectXMesh\DirectXMesh\DirectXMeshOptimize.cpp">
      <Filter>Source Files</Filter>
    </ClCompile>
    <ClCompile Include="..\SubModules\DirectXMesh\DirectXMesh\DirectXMeshOptimizeLRU.cpp">
      <Filter>Source Files</Filter>
    </ClCompile>
    <ClCompile Include="..\SubModules\DirectXMesh\DirectXMesh\DirectXMeshOptimizeTVC.cpp">
      <Filter>Source Files</Filter>
    </ClCompile>
    <ClCompile Include="..\SubModules\DirectXMesh\DirectXMesh\DirectXMeshRemap.cpp">
      <Filter>Source Files</Filter>
    </ClCompile>
    <ClCompile Include="..\SubModules\DirectXMesh\DirectXMesh\DirectXMeshTangentFrame.cpp">
      <Filter>Source Files</Filter>
    </ClCompile>
    <ClCompile Include="..\SubModules\DirectXMesh\DirectXMesh\DirectXMeshUtil.cpp">
      <Filter>Source Files</Filter>
    </ClCompile>
    <ClCompile Include="..\SubModules\DirectXMesh\DirectXMesh\DirectXMeshValidate.cpp">
      <Filter>Source Files</Filter>
    </ClCompile>
    <ClCompile Include="..\SubModules\DirectXMesh\DirectXMesh\DirectXMeshVBReader.cpp">
      <Filter>Source Files</Filter>
    </ClCompile>
    <ClCompile Include="..\SubModules\DirectXMesh\DirectXMesh\DirectXMeshVBWriter.cpp">
      <Filter>Source Files</Filter>
    </ClCompile>
    <ClCompile Include="..\SubModules\DirectXMesh\DirectXMesh\DirectXMeshWeldVertices.cpp">
      <Filter>Source Files</Filter>
    </ClCompile>
  </ItemGroup>
</Project>